
Microsoft Visual Studio Solution File, Format Version 12.00
# Visual Studio Version 16
VisualStudioVersion = 16.0.31410.357
MinimumVisualStudioVersion = 10.0.40219.1
Project("{FAE04EC0-301F-11D3-BF4B-00C04F79EFBC}") = "MeetingRoom.Data", "MeetingRoom.Data\MeetingRoom.Data.csproj", "{BB227B2F-924E-4CB5-BAA8-20AB1DA98117}"
EndProject
Project("{FAE04EC0-301F-11D3-BF4B-00C04F79EFBC}") = "MeetingRoom.Domain", "MeetingRoom.Domain\MeetingRoom.Domain.csproj", "{C5A9BA54-6FA6-4FC9-B3AF-3988E79A28F5}"
EndProject
Project("{FAE04EC0-301F-11D3-BF4B-00C04F79EFBC}") = "MeetingRoomApp_EF", "MeetingRoomApp_EF\MeetingRoomApp_EF.csproj", "{4883A0F4-00E3-40C2-B671-019A3C2F8903}"
EndProject
Global
	GlobalSection(SolutionConfigurationPlatforms) = preSolution
		Debug|Any CPU = Debug|Any CPU
		Release|Any CPU = Release|Any CPU
	EndGlobalSection
	GlobalSection(ProjectConfigurationPlatforms) = postSolution
		{BB227B2F-924E-4CB5-BAA8-20AB1DA98117}.Debug|Any CPU.ActiveCfg = Debug|Any CPU
		{BB227B2F-924E-4CB5-BAA8-20AB1DA98117}.Debug|Any CPU.Build.0 = Debug|Any CPU
		{BB227B2F-924E-4CB5-BAA8-20AB1DA98117}.Release|Any CPU.ActiveCfg = Release|Any CPU
		{BB227B2F-924E-4CB5-BAA8-20AB1DA98117}.Release|Any CPU.Build.0 = Release|Any CPU
		{C5A9BA54-6FA6-4FC9-B3AF-3988E79A28F5}.Debug|Any CPU.ActiveCfg = Debug|Any CPU
		{C5A9BA54-6FA6-4FC9-B3AF-3988E79A28F5}.Debug|Any CPU.Build.0 = Debug|Any CPU
		{C5A9BA54-6FA6-4FC9-B3AF-3988E79A28F5}.Release|Any CPU.ActiveCfg = Release|Any CPU
		{C5A9BA54-6FA6-4FC9-B3AF-3988E79A28F5}.Release|Any CPU.Build.0 = Release|Any CPU
		{4883A0F4-00E3-40C2-B671-019A3C2F8903}.Debug|Any CPU.ActiveCfg = Debug|Any CPU
		{4883A0F4-00E3-40C2-B671-019A3C2F8903}.Debug|Any CPU.Build.0 = Debug|Any CPU
		{4883A0F4-00E3-40C2-B671-019A3C2F8903}.Release|Any CPU.ActiveCfg = Release|Any CPU
		{4883A0F4-00E3-40C2-B671-019A3C2F8903}.Release|Any CPU.Build.0 = Release|Any CPU
	EndGlobalSection
	GlobalSection(SolutionProperties) = preSolution
		HideSolutionNode = FALSE
	EndGlobalSection
	GlobalSection(ExtensibilityGlobals) = postSolution
		SolutionGuid = {4F653DB4-4990-4342-85F4-B20AD8DABD2B}
	EndGlobalSection
EndGlobal
